
Microsoft Visual Studio Solution File, Format Version 12.00
# Visual Studio Version 17
VisualStudioVersion = 17.0.31903.59
MinimumVisualStudioVersion = 10.0.40219.1
Project("{2150E333-8FDC-42A3-9474-1A3956D46DE8}") = "src", "src", "{827E0CD3-B72D-47B6-A68D-7590B98EB39B}"
EndProject
Project("{FAE04EC0-301F-11D3-BF4B-00C04F79EFBC}") = "MPSellerTools.Core", "src\MPSellerTools.Core\MPSellerTools.Core.csproj", "{AAB5ED38-B3C8-4895-AEA3-ECAE1F89C5A4}"
EndProject
Project("{FAE04EC0-301F-11D3-BF4B-00C04F79EFBC}") = "MPSellerTools.Infrastructure", "src\MPSellerTools.Infrastructure\MPSellerTools.Infrastructure.csproj", "{C9F22EA0-7362-40BC-A7C6-6FA3C9127C32}"
EndProject
Project("{FAE04EC0-301F-11D3-BF4B-00C04F79EFBC}") = "MPSellerTools.PlatformHost", "src\MPSellerTools.PlatformHost\MPSellerTools.PlatformHost.csproj", "{86745391-FDA2-43D4-96FA-9CA0F64E6768}"
EndProject
Project("{FAE04EC0-301F-11D3-BF4B-00C04F79EFBC}") = "MPSellerTools.TenantHost", "src\MPSellerTools.TenantHost\MPSellerTools.TenantHost.csproj", "{9EAB335C-9BA9-4373-A1A0-4217969358D7}"
EndProject
Project("{FAE04EC0-301F-11D3-BF4B-00C04F79EFBC}") = "MPSellerTools.Provisioning.Worker", "src\MPSellerTools.Provisioning.Worker\MPSellerTools.Provisioning.Worker.csproj", "{2D850AA6-296E-4EAD-B150-737C2D31C3CF}"
EndProject
Project("{FAE04EC0-301F-11D3-BF4B-00C04F79EFBC}") = "MPSellerTools.DevHost", "src\MPSellerTools.DevHost\MPSellerTools.DevHost.csproj", "{1398F399-F3A3-43DA-8029-12D11313C070}"
EndProject
Global
	GlobalSection(SolutionConfigurationPlatforms) = preSolution
		Debug|Any CPU = Debug|Any CPU
		Debug|x64 = Debug|x64
		Debug|x86 = Debug|x86
		Release|Any CPU = Release|Any CPU
		Release|x64 = Release|x64
		Release|x86 = Release|x86
	EndGlobalSection
	GlobalSection(ProjectConfigurationPlatforms) = postSolution
		{AAB5ED38-B3C8-4895-AEA3-ECAE1F89C5A4}.Debug|Any CPU.ActiveCfg = Debug|Any CPU
		{AAB5ED38-B3C8-4895-AEA3-ECAE1F89C5A4}.Debug|Any CPU.Build.0 = Debug|Any CPU
		{AAB5ED38-B3C8-4895-AEA3-ECAE1F89C5A4}.Debug|x64.ActiveCfg = Debug|Any CPU
		{AAB5ED38-B3C8-4895-AEA3-ECAE1F89C5A4}.Debug|x64.Build.0 = Debug|Any CPU
		{AAB5ED38-B3C8-4895-AEA3-ECAE1F89C5A4}.Debug|x86.ActiveCfg = Debug|Any CPU
		{AAB5ED38-B3C8-4895-AEA3-ECAE1F89C5A4}.Debug|x86.Build.0 = Debug|Any CPU
		{AAB5ED38-B3C8-4895-AEA3-ECAE1F89C5A4}.Release|Any CPU.ActiveCfg = Release|Any CPU
		{AAB5ED38-B3C8-4895-AEA3-ECAE1F89C5A4}.Release|Any CPU.Build.0 = Release|Any CPU
		{AAB5ED38-B3C8-4895-AEA3-ECAE1F89C5A4}.Release|x64.ActiveCfg = Release|Any CPU
		{AAB5ED38-B3C8-4895-AEA3-ECAE1F89C5A4}.Release|x64.Build.0 = Release|Any CPU
		{AAB5ED38-B3C8-4895-AEA3-ECAE1F89C5A4}.Release|x86.ActiveCfg = Release|Any CPU
		{AAB5ED38-B3C8-4895-AEA3-ECAE1F89C5A4}.Release|x86.Build.0 = Release|Any CPU
		{C9F22EA0-7362-40BC-A7C6-6FA3C9127C32}.Debug|Any CPU.ActiveCfg = Debug|Any CPU
		{C9F22EA0-7362-40BC-A7C6-6FA3C9127C32}.Debug|Any CPU.Build.0 = Debug|Any CPU
		{C9F22EA0-7362-40BC-A7C6-6FA3C9127C32}.Debug|x64.ActiveCfg = Debug|Any CPU
		{C9F22EA0-7362-40BC-A7C6-6FA3C9127C32}.Debug|x64.Build.0 = Debug|Any CPU
		{C9F22EA0-7362-40BC-A7C6-6FA3C9127C32}.Debug|x86.ActiveCfg = Debug|Any CPU
		{C9F22EA0-7362-40BC-A7C6-6FA3C9127C32}.Debug|x86.Build.0 = Debug|Any CPU
		{C9F22EA0-7362-40BC-A7C6-6FA3C9127C32}.Release|Any CPU.ActiveCfg = Release|Any CPU
		{C9F22EA0-7362-40BC-A7C6-6FA3C9127C32}.Release|Any CPU.Build.0 = Release|Any CPU
		{C9F22EA0-7362-40BC-A7C6-6FA3C9127C32}.Release|x64.ActiveCfg = Release|Any CPU
		{C9F22EA0-7362-40BC-A7C6-6FA3C9127C32}.Release|x64.Build.0 = Release|Any CPU
		{C9F22EA0-7362-40BC-A7C6-6FA3C9127C32}.Release|x86.ActiveCfg = Release|Any CPU
		{C9F22EA0-7362-40BC-A7C6-6FA3C9127C32}.Release|x86.Build.0 = Release|Any CPU
		{86745391-FDA2-43D4-96FA-9CA0F64E6768}.Debug|Any CPU.ActiveCfg = Debug|Any CPU
		{86745391-FDA2-43D4-96FA-9CA0F64E6768}.Debug|Any CPU.Build.0 = Debug|Any CPU
		{86745391-FDA2-43D4-96FA-9CA0F64E6768}.Debug|x64.ActiveCfg = Debug|Any CPU
		{86745391-FDA2-43D4-96FA-9CA0F64E6768}.Debug|x64.Build.0 = Debug|Any CPU
		{86745391-FDA2-43D4-96FA-9CA0F64E6768}.Debug|x86.ActiveCfg = Debug|Any CPU
		{86745391-FDA2-43D4-96FA-9CA0F64E6768}.Debug|x86.Build.0 = Debug|Any CPU
		{86745391-FDA2-43D4-96FA-9CA0F64E6768}.Release|Any CPU.ActiveCfg = Release|Any CPU
		{86745391-FDA2-43D4-96FA-9CA0F64E6768}.Release|Any CPU.Build.0 = Release|Any CPU
		{86745391-FDA2-43D4-96FA-9CA0F64E6768}.Release|x64.ActiveCfg = Release|Any CPU
		{86745391-FDA2-43D4-96FA-9CA0F64E6768}.Release|x64.Build.0 = Release|Any CPU
		{86745391-FDA2-43D4-96FA-9CA0F64E6768}.Release|x86.ActiveCfg = Release|Any CPU
		{86745391-FDA2-43D4-96FA-9CA0F64E6768}.Release|x86.Build.0 = Release|Any CPU
		{9EAB335C-9BA9-4373-A1A0-4217969358D7}.Debug|Any CPU.ActiveCfg = Debug|Any CPU
		{9EAB335C-9BA9-4373-A1A0-4217969358D7}.Debug|Any CPU.Build.0 = Debug|Any CPU
		{9EAB335C-9BA9-4373-A1A0-4217969358D7}.Debug|x64.ActiveCfg = Debug|Any CPU
		{9EAB335C-9BA9-4373-A1A0-4217969358D7}.Debug|x64.Build.0 = Debug|Any CPU
		{9EAB335C-9BA9-4373-A1A0-4217969358D7}.Debug|x86.ActiveCfg = Debug|Any CPU
		{9EAB335C-9BA9-4373-A1A0-4217969358D7}.Debug|x86.Build.0 = Debug|Any CPU
		{9EAB335C-9BA9-4373-A1A0-4217969358D7}.Release|Any CPU.ActiveCfg = Release|Any CPU
		{9EAB335C-9BA9-4373-A1A0-4217969358D7}.Release|Any CPU.Build.0 = Release|Any CPU
		{9EAB335C-9BA9-4373-A1A0-4217969358D7}.Release|x64.ActiveCfg = Release|Any CPU
		{9EAB335C-9BA9-4373-A1A0-4217969358D7}.Release|x64.Build.0 = Release|Any CPU
		{9EAB335C-9BA9-4373-A1A0-4217969358D7}.Release|x86.ActiveCfg = Release|Any CPU
		{9EAB335C-9BA9-4373-A1A0-4217969358D7}.Release|x86.Build.0 = Release|Any CPU
		{2D850AA6-296E-4EAD-B150-737C2D31C3CF}.Debug|Any CPU.ActiveCfg = Debug|Any CPU
		{2D850AA6-296E-4EAD-B150-737C2D31C3CF}.Debug|Any CPU.Build.0 = Debug|Any CPU
		{2D850AA6-296E-4EAD-B150-737C2D31C3CF}.Debug|x64.ActiveCfg = Debug|Any CPU
		{2D850AA6-296E-4EAD-B150-737C2D31C3CF}.Debug|x64.Build.0 = Debug|Any CPU
		{2D850AA6-296E-4EAD-B150-737C2D31C3CF}.Debug|x86.ActiveCfg = Debug|Any CPU
		{2D850AA6-296E-4EAD-B150-737C2D31C3CF}.Debug|x86.Build.0 = Debug|Any CPU
		{2D850AA6-296E-4EAD-B150-737C2D31C3CF}.Release|Any CPU.ActiveCfg = Release|Any CPU
		{2D850AA6-296E-4EAD-B150-737C2D31C3CF}.Release|Any CPU.Build.0 = Release|Any CPU
		{2D850AA6-296E-4EAD-B150-737C2D31C3CF}.Release|x64.ActiveCfg = Release|Any CPU
		{2D850AA6-296E-4EAD-B150-737C2D31C3CF}.Release|x64.Build.0 = Release|Any CPU
		{2D850AA6-296E-4EAD-B150-737C2D31C3CF}.Release|x86.ActiveCfg = Release|Any CPU
		{2D850AA6-296E-4EAD-B150-737C2D31C3CF}.Release|x86.Build.0 = Release|Any CPU
		{1398F399-F3A3-43DA-8029-12D11313C070}.Debug|Any CPU.ActiveCfg = Debug|Any CPU
		{1398F399-F3A3-43DA-8029-12D11313C070}.Debug|Any CPU.Build.0 = Debug|Any CPU
		{1398F399-F3A3-43DA-8029-12D11313C070}.Debug|x64.ActiveCfg = Debug|Any CPU
		{1398F399-F3A3-43DA-8029-12D11313C070}.Debug|x64.Build.0 = Debug|Any CPU
		{1398F399-F3A3-43DA-8029-12D11313C070}.Debug|x86.ActiveCfg = Debug|Any CPU
		{1398F399-F3A3-43DA-8029-12D11313C070}.Debug|x86.Build.0 = Debug|Any CPU
		{1398F399-F3A3-43DA-8029-12D11313C070}.Release|Any CPU.ActiveCfg = Release|Any CPU
		{1398F399-F3A3-43DA-8029-12D11313C070}.Release|Any CPU.Build.0 = Release|Any CPU
		{1398F399-F3A3-43DA-8029-12D11313C070}.Release|x64.ActiveCfg = Release|Any CPU
		{1398F399-F3A3-43DA-8029-12D11313C070}.Release|x64.Build.0 = Release|Any CPU
		{1398F399-F3A3-43DA-8029-12D11313C070}.Release|x86.ActiveCfg = Release|Any CPU
		{1398F399-F3A3-43DA-8029-12D11313C070}.Release|x86.Build.0 = Release|Any CPU
	EndGlobalSection
	GlobalSection(SolutionProperties) = preSolution
		HideSolutionNode = FALSE
	EndGlobalSection
	GlobalSection(NestedProjects) = preSolution
		{AAB5ED38-B3C8-4895-AEA3-ECAE1F89C5A4} = {827E0CD3-B72D-47B6-A68D-7590B98EB39B}
		{C9F22EA0-7362-40BC-A7C6-6FA3C9127C32} = {827E0CD3-B72D-47B6-A68D-7590B98EB39B}
		{86745391-FDA2-43D4-96FA-9CA0F64E6768} = {827E0CD3-B72D-47B6-A68D-7590B98EB39B}
		{9EAB335C-9BA9-4373-A1A0-4217969358D7} = {827E0CD3-B72D-47B6-A68D-7590B98EB39B}
		{2D850AA6-296E-4EAD-B150-737C2D31C3CF} = {827E0CD3-B72D-47B6-A68D-7590B98EB39B}
		{1398F399-F3A3-43DA-8029-12D11313C070} = {827E0CD3-B72D-47B6-A68D-7590B98EB39B}
	EndGlobalSection
EndGlobal
